
Microsoft Visual Studio Solution File, Format Version 12.00
# Visual Studio Version 17
VisualStudioVersion = 17.2.32519.379
MinimumVisualStudioVersion = 10.0.40219.1
Project("{FAE04EC0-301F-11D3-BF4B-00C04F79EFBC}") = "CasaDeApuesas", "CasaDeApuesas\CasaDeApuesas.csproj", "{98EF6B73-5583-4BAB-939E-73B18FD9D20D}"
EndProject
Global
	GlobalSection(SolutionConfigurationPlatforms) = preSolution
		Debug|Any CPU = Debug|Any CPU
		Release|Any CPU = Release|Any CPU
	EndGlobalSection
	GlobalSection(ProjectConfigurationPlatforms) = postSolution
		{98EF6B73-5583-4BAB-939E-73B18FD9D20D}.Debug|Any CPU.ActiveCfg = Debug|Any CPU
		{98EF6B73-5583-4BAB-939E-73B18FD9D20D}.Debug|Any CPU.Build.0 = Debug|Any CPU
		{98EF6B73-5583-4BAB-939E-73B18FD9D20D}.Release|Any CPU.ActiveCfg = Release|Any CPU
		{98EF6B73-5583-4BAB-939E-73B18FD9D20D}.Release|Any CPU.Build.0 = Release|Any CPU
	EndGlobalSection
	GlobalSection(SolutionProperties) = preSolution
		HideSolutionNode = FALSE
	EndGlobalSection
	GlobalSection(ExtensibilityGlobals) = postSolution
		SolutionGuid = {535EB54B-DC94-4006-9F3F-9065E1093CA5}
	EndGlobalSection
EndGlobal
